
Microsoft Visual Studio Solution File, Format Version 12.00
# Visual Studio Version 17
VisualStudioVersion = 17.12.35410.144
MinimumVisualStudioVersion = 10.0.40219.1
Project("{FAE04EC0-301F-11D3-BF4B-00C04F79EFBC}") = "LabShortestRouteFinder", "LabShortestRouteFinder\LabShortestRouteFinder.csproj", "{CB05534C-27F7-4D98-9324-D0FBA96D3D71}"
EndProject
Project("{FAE04EC0-301F-11D3-BF4B-00C04F79EFBC}") = "LabShortestRouteFinder.Tests", "LabShortestRouteFinder.Tests\LabShortestRouteFinder.Tests.csproj", "{19450E5A-DBE5-4BF7-BA37-03B7E0D015A1}"
EndProject
Global
	GlobalSection(SolutionConfigurationPlatforms) = preSolution
		Debug|Any CPU = Debug|Any CPU
		Release|Any CPU = Release|Any CPU
	EndGlobalSection
	GlobalSection(ProjectConfigurationPlatforms) = postSolution
		{CB05534C-27F7-4D98-9324-D0FBA96D3D71}.Debug|Any CPU.ActiveCfg = Debug|Any CPU
		{CB05534C-27F7-4D98-9324-D0FBA96D3D71}.Debug|Any CPU.Build.0 = Debug|Any CPU
		{CB05534C-27F7-4D98-9324-D0FBA96D3D71}.Release|Any CPU.ActiveCfg = Release|Any CPU
		{CB05534C-27F7-4D98-9324-D0FBA96D3D71}.Release|Any CPU.Build.0 = Release|Any CPU
		{19450E5A-DBE5-4BF7-BA37-03B7E0D015A1}.Debug|Any CPU.ActiveCfg = Debug|Any CPU
		{19450E5A-DBE5-4BF7-BA37-03B7E0D015A1}.Debug|Any CPU.Build.0 = Debug|Any CPU
		{19450E5A-DBE5-4BF7-BA37-03B7E0D015A1}.Release|Any CPU.ActiveCfg = Release|Any CPU
		{19450E5A-DBE5-4BF7-BA37-03B7E0D015A1}.Release|Any CPU.Build.0 = Release|Any CPU
	EndGlobalSection
	GlobalSection(SolutionProperties) = preSolution
		HideSolutionNode = FALSE
	EndGlobalSection
EndGlobal
